// !$*UTF8*$!
{
	archiveVersion = 1;
	classes = {
	};
	objectVersion = 56;
	objects = {

/* Begin PBXBuildFile section */
		294CB8BBC6139424E0C0E7A3 /* Pods_Notes.framework in Frameworks */ = {isa = PBXBuildFile; fileRef = 974C3CC779554E46F7DAB1E8 /* Pods_Notes.framework */; };
		7802E44C29AB8A7F00C38344 /* StorageManager.swift in Sources */ = {isa = PBXBuildFile; fileRef = 7802E44B29AB8A7F00C38344 /* StorageManager.swift */; };
		7802E44E29AB8FF100C38344 /* NoteViewModel.swift in Sources */ = {isa = PBXBuildFile; fileRef = 7802E44D29AB8FF100C38344 /* NoteViewModel.swift */; };
		7802E45129AB901E00C38344 /* NoteViewModelProtocol.swift in Sources */ = {isa = PBXBuildFile; fileRef = 7802E45029AB901E00C38344 /* NoteViewModelProtocol.swift */; };
		7814CADB29AB063100469C41 /* AppDelegate.swift in Sources */ = {isa = PBXBuildFile; fileRef = 7814CADA29AB063100469C41 /* AppDelegate.swift */; };
		7814CADD29AB063100469C41 /* SceneDelegate.swift in Sources */ = {isa = PBXBuildFile; fileRef = 7814CADC29AB063100469C41 /* SceneDelegate.swift */; };
		7814CADF29AB063100469C41 /* ListOfNotesViewController.swift in Sources */ = {isa = PBXBuildFile; fileRef = 7814CADE29AB063100469C41 /* ListOfNotesViewController.swift */; };
		7814CAE429AB063200469C41 /* Assets.xcassets in Resources */ = {isa = PBXBuildFile; fileRef = 7814CAE329AB063200469C41 /* Assets.xcassets */; };
		7814CAE729AB063200469C41 /* LaunchScreen.storyboard in Resources */ = {isa = PBXBuildFile; fileRef = 7814CAE529AB063200469C41 /* LaunchScreen.storyboard */; };
		7814CAF329AB07E500469C41 /* NoteModel.swift in Sources */ = {isa = PBXBuildFile; fileRef = 7814CAF229AB07E500469C41 /* NoteModel.swift */; };
		7814CAF529AB086100469C41 /* ColorMark.swift in Sources */ = {isa = PBXBuildFile; fileRef = 7814CAF429AB086100469C41 /* ColorMark.swift */; };
		7814CAF729AB0B5300469C41 /* NoteTableViewCell.swift in Sources */ = {isa = PBXBuildFile; fileRef = 7814CAF629AB0B5300469C41 /* NoteTableViewCell.swift */; };
		7814CAFA29AB0B8200469C41 /* ListOfNotesViewController+Extension.swift in Sources */ = {isa = PBXBuildFile; fileRef = 7814CAF929AB0B8200469C41 /* ListOfNotesViewController+Extension.swift */; };
		7814CAFC29AB0F9F00469C41 /* Constant.swift in Sources */ = {isa = PBXBuildFile; fileRef = 7814CAFB29AB0F9F00469C41 /* Constant.swift */; };
		7814CAFE29AB1F3000469C41 /* ListOfNotesViewModel.swift in Sources */ = {isa = PBXBuildFile; fileRef = 7814CAFD29AB1F3000469C41 /* ListOfNotesViewModel.swift */; };
		7814CB0029AB1F5700469C41 /* NoteCellViewModel.swift in Sources */ = {isa = PBXBuildFile; fileRef = 7814CAFF29AB1F5700469C41 /* NoteCellViewModel.swift */; };
		7814CB0329AB1FD600469C41 /* ListOfNotesViewModelProtocol.swift in Sources */ = {isa = PBXBuildFile; fileRef = 7814CB0229AB1FD600469C41 /* ListOfNotesViewModelProtocol.swift */; };
		7814CB0529AB1FE700469C41 /* NoteCellViewModelProtocol.swift in Sources */ = {isa = PBXBuildFile; fileRef = 7814CB0429AB1FE700469C41 /* NoteCellViewModelProtocol.swift */; };
		7814CB0B29AB25DD00469C41 /* NoteViewController.swift in Sources */ = {isa = PBXBuildFile; fileRef = 7814CB0A29AB25DD00469C41 /* NoteViewController.swift */; };
		7814CB0D29AB2F3900469C41 /* SelectedCellView.swift in Sources */ = {isa = PBXBuildFile; fileRef = 7814CB0C29AB2F3900469C41 /* SelectedCellView.swift */; };
		78E0D2FF29ADD963008EAF61 /* NoteViewController+Extension.swift in Sources */ = {isa = PBXBuildFile; fileRef = 78E0D2FE29ADD963008EAF61 /* NoteViewController+Extension.swift */; };
		78E0D30129AE1DA2008EAF61 /* ViewWithChoiceOfLabelColor.swift in Sources */ = {isa = PBXBuildFile; fileRef = 78E0D30029AE1DA2008EAF61 /* ViewWithChoiceOfLabelColor.swift */; };
		78E0D30329AE1FA9008EAF61 /* UIResponder+Extension.swift in Sources */ = {isa = PBXBuildFile; fileRef = 78E0D30229AE1FA9008EAF61 /* UIResponder+Extension.swift */; };
/* End PBXBuildFile section */

/* Begin PBXFileReference section */
		41A9BB77D0B74CA91863A353 /* Pods-Notes.release.xcconfig */ = {isa = PBXFileReference; includeInIndex = 1; lastKnownFileType = text.xcconfig; name = "Pods-Notes.release.xcconfig"; path = "Target Support Files/Pods-Notes/Pods-Notes.release.xcconfig"; sourceTree = "<group>"; };
		7802E44B29AB8A7F00C38344 /* StorageManager.swift */ = {isa = PBXFileReference; lastKnownFileType = sourcecode.swift; path = StorageManager.swift; sourceTree = "<group>"; };
		7802E44D29AB8FF100C38344 /* NoteViewModel.swift */ = {isa = PBXFileReference; lastKnownFileType = sourcecode.swift; path = NoteViewModel.swift; sourceTree = "<group>"; };
		7802E45029AB901E00C38344 /* NoteViewModelProtocol.swift */ = {isa = PBXFileReference; lastKnownFileType = sourcecode.swift; path = NoteViewModelProtocol.swift; sourceTree = "<group>"; };
		7814CAD729AB063100469C41 /* Notes.app */ = {isa = PBXFileReference; explicitFileType = wrapper.application; includeInIndex = 0; path = Notes.app; sourceTree = BUILT_PRODUCTS_DIR; };
		7814CADA29AB063100469C41 /* AppDelegate.swift */ = {isa = PBXFileReference; lastKnownFileType = sourcecode.swift; path = AppDelegate.swift; sourceTree = "<group>"; };
		7814CADC29AB063100469C41 /* SceneDelegate.swift */ = {isa = PBXFileReference; lastKnownFileType = sourcecode.swift; path = SceneDelegate.swift; sourceTree = "<group>"; };
		7814CADE29AB063100469C41 /* ListOfNotesViewController.swift */ = {isa = PBXFileReference; lastKnownFileType = sourcecode.swift; path = ListOfNotesViewController.swift; sourceTree = "<group>"; };
		7814CAE329AB063200469C41 /* Assets.xcassets */ = {isa = PBXFileReference; lastKnownFileType = folder.assetcatalog; path = Assets.xcassets; sourceTree = "<group>"; };
		7814CAE629AB063200469C41 /* Base */ = {isa = PBXFileReference; lastKnownFileType = file.storyboard; name = Base; path = Base.lproj/LaunchScreen.storyboard; sourceTree = "<group>"; };
		7814CAE829AB063200469C41 /* Info.plist */ = {isa = PBXFileReference; lastKnownFileType = text.plist.xml; path = Info.plist; sourceTree = "<group>"; };
		7814CAF229AB07E500469C41 /* NoteModel.swift */ = {isa = PBXFileReference; lastKnownFileType = sourcecode.swift; path = NoteModel.swift; sourceTree = "<group>"; };
		7814CAF429AB086100469C41 /* ColorMark.swift */ = {isa = PBXFileReference; lastKnownFileType = sourcecode.swift; path = ColorMark.swift; sourceTree = "<group>"; };
		7814CAF629AB0B5300469C41 /* NoteTableViewCell.swift */ = {isa = PBXFileReference; lastKnownFileType = sourcecode.swift; path = NoteTableViewCell.swift; sourceTree = "<group>"; };
		7814CAF929AB0B8200469C41 /* ListOfNotesViewController+Extension.swift */ = {isa = PBXFileReference; lastKnownFileType = sourcecode.swift; path = "ListOfNotesViewController+Extension.swift"; sourceTree = "<group>"; };
		7814CAFB29AB0F9F00469C41 /* Constant.swift */ = {isa = PBXFileReference; lastKnownFileType = sourcecode.swift; path = Constant.swift; sourceTree = "<group>"; };
		7814CAFD29AB1F3000469C41 /* ListOfNotesViewModel.swift */ = {isa = PBXFileReference; lastKnownFileType = sourcecode.swift; path = ListOfNotesViewModel.swift; sourceTree = "<group>"; };
		7814CAFF29AB1F5700469C41 /* NoteCellViewModel.swift */ = {isa = PBXFileReference; lastKnownFileType = sourcecode.swift; path = NoteCellViewModel.swift; sourceTree = "<group>"; };
		7814CB0229AB1FD600469C41 /* ListOfNotesViewModelProtocol.swift */ = {isa = PBXFileReference; lastKnownFileType = sourcecode.swift; path = ListOfNotesViewModelProtocol.swift; sourceTree = "<group>"; };
		7814CB0429AB1FE700469C41 /* NoteCellViewModelProtocol.swift */ = {isa = PBXFileReference; lastKnownFileType = sourcecode.swift; path = NoteCellViewModelProtocol.swift; sourceTree = "<group>"; };
		7814CB0A29AB25DD00469C41 /* NoteViewController.swift */ = {isa = PBXFileReference; lastKnownFileType = sourcecode.swift; path = NoteViewController.swift; sourceTree = "<group>"; };
		7814CB0C29AB2F3900469C41 /* SelectedCellView.swift */ = {isa = PBXFileReference; lastKnownFileType = sourcecode.swift; path = SelectedCellView.swift; sourceTree = "<group>"; };
		78E0D2FE29ADD963008EAF61 /* NoteViewController+Extension.swift */ = {isa = PBXFileReference; lastKnownFileType = sourcecode.swift; path = "NoteViewController+Extension.swift"; sourceTree = "<group>"; };
		78E0D30029AE1DA2008EAF61 /* ViewWithChoiceOfLabelColor.swift */ = {isa = PBXFileReference; lastKnownFileType = sourcecode.swift; path = ViewWithChoiceOfLabelColor.swift; sourceTree = "<group>"; };
		78E0D30229AE1FA9008EAF61 /* UIResponder+Extension.swift */ = {isa = PBXFileReference; lastKnownFileType = sourcecode.swift; path = "UIResponder+Extension.swift"; sourceTree = "<group>"; };
		974C3CC779554E46F7DAB1E8 /* Pods_Notes.framework */ = {isa = PBXFileReference; explicitFileType = wrapper.framework; includeInIndex = 0; path = Pods_Notes.framework; sourceTree = BUILT_PRODUCTS_DIR; };
		B578F9D2871332AE8E83DB64 /* Pods-Notes.debug.xcconfig */ = {isa = PBXFileReference; includeInIndex = 1; lastKnownFileType = text.xcconfig; name = "Pods-Notes.debug.xcconfig"; path = "Target Support Files/Pods-Notes/Pods-Notes.debug.xcconfig"; sourceTree = "<group>"; };
/* End PBXFileReference section */

/* Begin PBXFrameworksBuildPhase section */
		7814CAD429AB063100469C41 /* Frameworks */ = {
			isa = PBXFrameworksBuildPhase;
			buildActionMask = 2147483647;
			files = (
				294CB8BBC6139424E0C0E7A3 /* Pods_Notes.framework in Frameworks */,
			);
			runOnlyForDeploymentPostprocessing = 0;
		};
/* End PBXFrameworksBuildPhase section */

/* Begin PBXGroup section */
		0996F630860C7496663DE037 /* Frameworks */ = {
			isa = PBXGroup;
			children = (
				974C3CC779554E46F7DAB1E8 /* Pods_Notes.framework */,
			);
			name = Frameworks;
			sourceTree = "<group>";
		};
		3FD187991C118612D4324179 /* Pods */ = {
			isa = PBXGroup;
			children = (
				B578F9D2871332AE8E83DB64 /* Pods-Notes.debug.xcconfig */,
				41A9BB77D0B74CA91863A353 /* Pods-Notes.release.xcconfig */,
			);
			path = Pods;
			sourceTree = "<group>";
		};
		7802E44F29AB8FF700C38344 /* Protocols */ = {
			isa = PBXGroup;
			children = (
				7802E45029AB901E00C38344 /* NoteViewModelProtocol.swift */,
			);
			path = Protocols;
			sourceTree = "<group>";
		};
		7814CACE29AB063100469C41 = {
			isa = PBXGroup;
			children = (
				7814CAD929AB063100469C41 /* Notes */,
				7814CAD829AB063100469C41 /* Products */,
				3FD187991C118612D4324179 /* Pods */,
				0996F630860C7496663DE037 /* Frameworks */,
			);
			sourceTree = "<group>";
		};
		7814CAD829AB063100469C41 /* Products */ = {
			isa = PBXGroup;
			children = (
				7814CAD729AB063100469C41 /* Notes.app */,
			);
			name = Products;
			sourceTree = "<group>";
		};
		7814CAD929AB063100469C41 /* Notes */ = {
			isa = PBXGroup;
			children = (
				7814CADA29AB063100469C41 /* AppDelegate.swift */,
				7814CAFB29AB0F9F00469C41 /* Constant.swift */,
				7802E44B29AB8A7F00C38344 /* StorageManager.swift */,
				7814CADC29AB063100469C41 /* SceneDelegate.swift */,
				78E0D30229AE1FA9008EAF61 /* UIResponder+Extension.swift */,
				7814CAEE29AB078F00469C41 /* ListOfNotesModule */,
				7814CB0629AB20D300469C41 /* NoteModule */,
				7814CAE329AB063200469C41 /* Assets.xcassets */,
				7814CAE529AB063200469C41 /* LaunchScreen.storyboard */,
				7814CAE829AB063200469C41 /* Info.plist */,
			);
			path = Notes;
			sourceTree = "<group>";
		};
		7814CAEE29AB078F00469C41 /* ListOfNotesModule */ = {
			isa = PBXGroup;
			children = (
				7814CAF129AB07CB00469C41 /* Model */,
				7814CAF029AB07BC00469C41 /* View */,
				7814CAEF29AB07A600469C41 /* ViewModel */,
			);
			path = ListOfNotesModule;
			sourceTree = "<group>";
		};
		7814CAEF29AB07A600469C41 /* ViewModel */ = {
			isa = PBXGroup;
			children = (
				7814CAFD29AB1F3000469C41 /* ListOfNotesViewModel.swift */,
				7814CAFF29AB1F5700469C41 /* NoteCellViewModel.swift */,
				7814CB0129AB1F6100469C41 /* Protocols */,
			);
			path = ViewModel;
			sourceTree = "<group>";
		};
		7814CAF029AB07BC00469C41 /* View */ = {
			isa = PBXGroup;
			children = (
				7814CADE29AB063100469C41 /* ListOfNotesViewController.swift */,
				7814CAF629AB0B5300469C41 /* NoteTableViewCell.swift */,
				7814CB0C29AB2F3900469C41 /* SelectedCellView.swift */,
				7814CAF829AB0B6500469C41 /* Extension */,
			);
			path = View;
			sourceTree = "<group>";
		};
		7814CAF129AB07CB00469C41 /* Model */ = {
			isa = PBXGroup;
			children = (
				7814CAF229AB07E500469C41 /* NoteModel.swift */,
				7814CAF429AB086100469C41 /* ColorMark.swift */,
			);
			path = Model;
			sourceTree = "<group>";
		};
		7814CAF829AB0B6500469C41 /* Extension */ = {
			isa = PBXGroup;
			children = (
				7814CAF929AB0B8200469C41 /* ListOfNotesViewController+Extension.swift */,
			);
			path = Extension;
			sourceTree = "<group>";
		};
		7814CB0129AB1F6100469C41 /* Protocols */ = {
			isa = PBXGroup;
			children = (
				7814CB0229AB1FD600469C41 /* ListOfNotesViewModelProtocol.swift */,
				7814CB0429AB1FE700469C41 /* NoteCellViewModelProtocol.swift */,
			);
			path = Protocols;
			sourceTree = "<group>";
		};
		7814CB0629AB20D300469C41 /* NoteModule */ = {
			isa = PBXGroup;
			children = (
				7814CB0929AB210000469C41 /* Model */,
				7814CB0829AB20F800469C41 /* View */,
				7814CB0729AB20EE00469C41 /* ViewModel */,
			);
			path = NoteModule;
			sourceTree = "<group>";
		};
		7814CB0729AB20EE00469C41 /* ViewModel */ = {
			isa = PBXGroup;
			children = (
				7802E44D29AB8FF100C38344 /* NoteViewModel.swift */,
				7802E44F29AB8FF700C38344 /* Protocols */,
			);
			path = ViewModel;
			sourceTree = "<group>";
		};
		7814CB0829AB20F800469C41 /* View */ = {
			isa = PBXGroup;
			children = (
				7814CB0A29AB25DD00469C41 /* NoteViewController.swift */,
				78E0D30029AE1DA2008EAF61 /* ViewWithChoiceOfLabelColor.swift */,
				78E0D2FD29ADD93F008EAF61 /* Extension */,
			);
			path = View;
			sourceTree = "<group>";
		};
		7814CB0929AB210000469C41 /* Model */ = {
			isa = PBXGroup;
			children = (
			);
			path = Model;
			sourceTree = "<group>";
		};
		78E0D2FD29ADD93F008EAF61 /* Extension */ = {
			isa = PBXGroup;
			children = (
				78E0D2FE29ADD963008EAF61 /* NoteViewController+Extension.swift */,
			);
			path = Extension;
			sourceTree = "<group>";
		};
/* End PBXGroup section */

/* Begin PBXNativeTarget section */
		7814CAD629AB063100469C41 /* Notes */ = {
			isa = PBXNativeTarget;
			buildConfigurationList = 7814CAEB29AB063200469C41 /* Build configuration list for PBXNativeTarget "Notes" */;
			buildPhases = (
				6FEA9293439E36E5C89BA89F /* [CP] Check Pods Manifest.lock */,
				7814CAD329AB063100469C41 /* Sources */,
				7814CAD429AB063100469C41 /* Frameworks */,
				7814CAD529AB063100469C41 /* Resources */,
				FFF991A1AB76F3B30302ED61 /* [CP] Embed Pods Frameworks */,
			);
			buildRules = (
			);
			dependencies = (
			);
			name = Notes;
			productName = Notes;
			productReference = 7814CAD729AB063100469C41 /* Notes.app */;
			productType = "com.apple.product-type.application";
		};
/* End PBXNativeTarget section */

/* Begin PBXProject section */
		7814CACF29AB063100469C41 /* Project object */ = {
			isa = PBXProject;
			attributes = {
				BuildIndependentTargetsInParallel = 1;
				LastSwiftUpdateCheck = 1420;
				LastUpgradeCheck = 1420;
				TargetAttributes = {
					7814CAD629AB063100469C41 = {
						CreatedOnToolsVersion = 14.2;
					};
				};
			};
			buildConfigurationList = 7814CAD229AB063100469C41 /* Build configuration list for PBXProject "Notes" */;
			compatibilityVersion = "Xcode 14.0";
			developmentRegion = en;
			hasScannedForEncodings = 0;
			knownRegions = (
				en,
				Base,
			);
			mainGroup = 7814CACE29AB063100469C41;
			productRefGroup = 7814CAD829AB063100469C41 /* Products */;
			projectDirPath = "";
			projectRoot = "";
			targets = (
				7814CAD629AB063100469C41 /* Notes */,
			);
		};
/* End PBXProject section */

/* Begin PBXResourcesBuildPhase section */
		7814CAD529AB063100469C41 /* Resources */ = {
			isa = PBXResourcesBuildPhase;
			buildActionMask = 2147483647;
			files = (
				7814CAE729AB063200469C41 /* LaunchScreen.storyboard in Resources */,
				7814CAE429AB063200469C41 /* Assets.xcassets in Resources */,
			);
			runOnlyForDeploymentPostprocessing = 0;
		};
/* End PBXResourcesBuildPhase section */

/* Begin PBXShellScriptBuildPhase section */
		6FEA9293439E36E5C89BA89F /* [CP] Check Pods Manifest.lock */ = {
			isa = PBXShellScriptBuildPhase;
			buildActionMask = 2147483647;
			files = (
			);
			inputFileListPaths = (
			);
			inputPaths = (
				"${PODS_PODFILE_DIR_PATH}/Podfile.lock",
				"${PODS_ROOT}/Manifest.lock",
			);
			name = "[CP] Check Pods Manifest.lock";
			outputFileListPaths = (
			);
			outputPaths = (
				"$(DERIVED_FILE_DIR)/Pods-Notes-checkManifestLockResult.txt",
			);
			runOnlyForDeploymentPostprocessing = 0;
			shellPath = /bin/sh;
			shellScript = "diff \"${PODS_PODFILE_DIR_PATH}/Podfile.lock\" \"${PODS_ROOT}/Manifest.lock\" > /dev/null\nif [ $? != 0 ] ; then\n    # print error to STDERR\n    echo \"error: The sandbox is not in sync with the Podfile.lock. Run 'pod install' or update your CocoaPods installation.\" >&2\n    exit 1\nfi\n# This output is used by Xcode 'outputs' to avoid re-running this script phase.\necho \"SUCCESS\" > \"${SCRIPT_OUTPUT_FILE_0}\"\n";
			showEnvVarsInLog = 0;
		};
		FFF991A1AB76F3B30302ED61 /* [CP] Embed Pods Frameworks */ = {
			isa = PBXShellScriptBuildPhase;
			buildActionMask = 2147483647;
			files = (
			);
			inputFileListPaths = (
				"${PODS_ROOT}/Target Support Files/Pods-Notes/Pods-Notes-frameworks-${CONFIGURATION}-input-files.xcfilelist",
			);
			name = "[CP] Embed Pods Frameworks";
			outputFileListPaths = (
				"${PODS_ROOT}/Target Support Files/Pods-Notes/Pods-Notes-frameworks-${CONFIGURATION}-output-files.xcfilelist",
			);
			runOnlyForDeploymentPostprocessing = 0;
			shellPath = /bin/sh;
			shellScript = "\"${PODS_ROOT}/Target Support Files/Pods-Notes/Pods-Notes-frameworks.sh\"\n";
			showEnvVarsInLog = 0;
		};
/* End PBXShellScriptBuildPhase section */

/* Begin PBXSourcesBuildPhase section */
		7814CAD329AB063100469C41 /* Sources */ = {
			isa = PBXSourcesBuildPhase;
			buildActionMask = 2147483647;
			files = (
				78E0D2FF29ADD963008EAF61 /* NoteViewController+Extension.swift in Sources */,
				7802E44E29AB8FF100C38344 /* NoteViewModel.swift in Sources */,
				78E0D30329AE1FA9008EAF61 /* UIResponder+Extension.swift in Sources */,
				7814CB0029AB1F5700469C41 /* NoteCellViewModel.swift in Sources */,
				7814CAFE29AB1F3000469C41 /* ListOfNotesViewModel.swift in Sources */,
				7814CAF329AB07E500469C41 /* NoteModel.swift in Sources */,
				7814CB0B29AB25DD00469C41 /* NoteViewController.swift in Sources */,
				7814CADF29AB063100469C41 /* ListOfNotesViewController.swift in Sources */,
				7814CAFA29AB0B8200469C41 /* ListOfNotesViewController+Extension.swift in Sources */,
				7814CAFC29AB0F9F00469C41 /* Constant.swift in Sources */,
				7814CB0D29AB2F3900469C41 /* SelectedCellView.swift in Sources */,
				7814CB0529AB1FE700469C41 /* NoteCellViewModelProtocol.swift in Sources */,
				7814CADB29AB063100469C41 /* AppDelegate.swift in Sources */,
				7802E45129AB901E00C38344 /* NoteViewModelProtocol.swift in Sources */,
				7814CB0329AB1FD600469C41 /* ListOfNotesViewModelProtocol.swift in Sources */,
				7814CADD29AB063100469C41 /* SceneDelegate.swift in Sources */,
				7802E44C29AB8A7F00C38344 /* StorageManager.swift in Sources */,
				7814CAF529AB086100469C41 /* ColorMark.swift in Sources */,
				78E0D30129AE1DA2008EAF61 /* ViewWithChoiceOfLabelColor.swift in Sources */,
				7814CAF729AB0B5300469C41 /* NoteTableViewCell.swift in Sources */,
			);
			runOnlyForDeploymentPostprocessing = 0;
		};
/* End PBXSourcesBuildPhase section */

/* Begin PBXVariantGroup section */
		7814CAE529AB063200469C41 /* LaunchScreen.storyboard */ = {
			isa = PBXVariantGroup;
			children = (
				7814CAE629AB063200469C41 /* Base */,
			);
			name = LaunchScreen.storyboard;
			sourceTree = "<group>";
		};
/* End PBXVariantGroup section */

/* Begin XCBuildConfiguration section */
		7814CAE929AB063200469C41 /* Debug */ = {
			isa = XCBuildConfiguration;
			buildSettings = {
				ALWAYS_SEARCH_USER_PATHS = NO;
				CLANG_ANALYZER_NONNULL = YES;
				CLANG_ANALYZER_NUMBER_OBJECT_CONVERSION = YES_AGGRESSIVE;
				CLANG_CXX_LANGUAGE_STANDARD = "gnu++20";
				CLANG_ENABLE_MODULES = YES;
				CLANG_ENABLE_OBJC_ARC = YES;
				CLANG_ENABLE_OBJC_WEAK = YES;
				CLANG_WARN_BLOCK_CAPTURE_AUTORELEASING = YES;
				CLANG_WARN_BOOL_CONVERSION = YES;
				CLANG_WARN_COMMA = YES;
				CLANG_WARN_CONSTANT_CONVERSION = YES;
				CLANG_WARN_DEPRECATED_OBJC_IMPLEMENTATIONS = YES;
				CLANG_WARN_DIRECT_OBJC_ISA_USAGE = YES_ERROR;
				CLANG_WARN_DOCUMENTATION_COMMENTS = YES;
				CLANG_WARN_EMPTY_BODY = YES;
				CLANG_WARN_ENUM_CONVERSION = YES;
				CLANG_WARN_INFINITE_RECURSION = YES;
				CLANG_WARN_INT_CONVERSION = YES;
				CLANG_WARN_NON_LITERAL_NULL_CONVERSION = YES;
				CLANG_WARN_OBJC_IMPLICIT_RETAIN_SELF = YES;
				CLANG_WARN_OBJC_LITERAL_CONVERSION = YES;
				CLANG_WARN_OBJC_ROOT_CLASS = YES_ERROR;
				CLANG_WARN_QUOTED_INCLUDE_IN_FRAMEWORK_HEADER = YES;
				CLANG_WARN_RANGE_LOOP_ANALYSIS = YES;
				CLANG_WARN_STRICT_PROTOTYPES = YES;
				CLANG_WARN_SUSPICIOUS_MOVE = YES;
				CLANG_WARN_UNGUARDED_AVAILABILITY = YES_AGGRESSIVE;
				CLANG_WARN_UNREACHABLE_CODE = YES;
				CLANG_WARN__DUPLICATE_METHOD_MATCH = YES;
				COPY_PHASE_STRIP = NO;
				DEBUG_INFORMATION_FORMAT = dwarf;
				ENABLE_STRICT_OBJC_MSGSEND = YES;
				ENABLE_TESTABILITY = YES;
				GCC_C_LANGUAGE_STANDARD = gnu11;
				GCC_DYNAMIC_NO_PIC = NO;
				GCC_NO_COMMON_BLOCKS = YES;
				GCC_OPTIMIZATION_LEVEL = 0;
				GCC_PREPROCESSOR_DEFINITIONS = (
					"DEBUG=1",
					"$(inherited)",
				);
				GCC_WARN_64_TO_32_BIT_CONVERSION = YES;
				GCC_WARN_ABOUT_RETURN_TYPE = YES_ERROR;
				GCC_WARN_UNDECLARED_SELECTOR = YES;
				GCC_WARN_UNINITIALIZED_AUTOS = YES_AGGRESSIVE;
				GCC_WARN_UNUSED_FUNCTION = YES;
				GCC_WARN_UNUSED_VARIABLE = YES;
				IPHONEOS_DEPLOYMENT_TARGET = 16.2;
				MTL_ENABLE_DEBUG_INFO = INCLUDE_SOURCE;
				MTL_FAST_MATH = YES;
				ONLY_ACTIVE_ARCH = YES;
				SDKROOT = iphoneos;
				SWIFT_ACTIVE_COMPILATION_CONDITIONS = DEBUG;
				SWIFT_OPTIMIZATION_LEVEL = "-Onone";
			};
			name = Debug;
		};
		7814CAEA29AB063200469C41 /* Release */ = {
			isa = XCBuildConfiguration;
			buildSettings = {
				ALWAYS_SEARCH_USER_PATHS = NO;
				CLANG_ANALYZER_NONNULL = YES;
				CLANG_ANALYZER_NUMBER_OBJECT_CONVERSION = YES_AGGRESSIVE;
				CLANG_CXX_LANGUAGE_STANDARD = "gnu++20";
				CLANG_ENABLE_MODULES = YES;
				CLANG_ENABLE_OBJC_ARC = YES;
				CLANG_ENABLE_OBJC_WEAK = YES;
				CLANG_WARN_BLOCK_CAPTURE_AUTORELEASING = YES;
				CLANG_WARN_BOOL_CONVERSION = YES;
				CLANG_WARN_COMMA = YES;
				CLANG_WARN_CONSTANT_CONVERSION = YES;
				CLANG_WARN_DEPRECATED_OBJC_IMPLEMENTATIONS = YES;
				CLANG_WARN_DIRECT_OBJC_ISA_USAGE = YES_ERROR;
				CLANG_WARN_DOCUMENTATION_COMMENTS = YES;
				CLANG_WARN_EMPTY_BODY = YES;
				CLANG_WARN_ENUM_CONVERSION = YES;
				CLANG_WARN_INFINITE_RECURSION = YES;
				CLANG_WARN_INT_CONVERSION = YES;
				CLANG_WARN_NON_LITERAL_NULL_CONVERSION = YES;
				CLANG_WARN_OBJC_IMPLICIT_RETAIN_SELF = YES;
				CLANG_WARN_OBJC_LITERAL_CONVERSION = YES;
				CLANG_WARN_OBJC_ROOT_CLASS = YES_ERROR;
				CLANG_WARN_QUOTED_INCLUDE_IN_FRAMEWORK_HEADER = YES;
				CLANG_WARN_RANGE_LOOP_ANALYSIS = YES;
				CLANG_WARN_STRICT_PROTOTYPES = YES;
				CLANG_WARN_SUSPICIOUS_MOVE = YES;
				CLANG_WARN_UNGUARDED_AVAILABILITY = YES_AGGRESSIVE;
				CLANG_WARN_UNREACHABLE_CODE = YES;
				CLANG_WARN__DUPLICATE_METHOD_MATCH = YES;
				COPY_PHASE_STRIP = NO;
				DEBUG_INFORMATION_FORMAT = "dwarf-with-dsym";
				ENABLE_NS_ASSERTIONS = NO;
				ENABLE_STRICT_OBJC_MSGSEND = YES;
				GCC_C_LANGUAGE_STANDARD = gnu11;
				GCC_NO_COMMON_BLOCKS = YES;
				GCC_WARN_64_TO_32_BIT_CONVERSION = YES;
				GCC_WARN_ABOUT_RETURN_TYPE = YES_ERROR;
				GCC_WARN_UNDECLARED_SELECTOR = YES;
				GCC_WARN_UNINITIALIZED_AUTOS = YES_AGGRESSIVE;
				GCC_WARN_UNUSED_FUNCTION = YES;
				GCC_WARN_UNUSED_VARIABLE = YES;
				IPHONEOS_DEPLOYMENT_TARGET = 16.2;
				MTL_ENABLE_DEBUG_INFO = NO;
				MTL_FAST_MATH = YES;
				SDKROOT = iphoneos;
				SWIFT_COMPILATION_MODE = wholemodule;
				SWIFT_OPTIMIZATION_LEVEL = "-O";
				VALIDATE_PRODUCT = YES;
			};
			name = Release;
		};
		7814CAEC29AB063200469C41 /* Debug */ = {
			isa = XCBuildConfiguration;
			baseConfigurationReference = B578F9D2871332AE8E83DB64 /* Pods-Notes.debug.xcconfig */;
			buildSettings = {
				ASSETCATALOG_COMPILER_APPICON_NAME = AppIcon;
				ASSETCATALOG_COMPILER_GLOBAL_ACCENT_COLOR_NAME = AccentColor;
				CODE_SIGN_STYLE = Automatic;
				CURRENT_PROJECT_VERSION = 1;
				DEVELOPMENT_TEAM = W5HU6K6SBC;
				GENERATE_INFOPLIST_FILE = YES;
				INFOPLIST_FILE = Notes/Info.plist;
				INFOPLIST_KEY_UIApplicationSupportsIndirectInputEvents = YES;
				INFOPLIST_KEY_UILaunchStoryboardName = LaunchScreen;
				INFOPLIST_KEY_UISupportedInterfaceOrientations = UIInterfaceOrientationPortrait;
				IPHONEOS_DEPLOYMENT_TARGET = 13.0;
				LD_RUNPATH_SEARCH_PATHS = (
					"$(inherited)",
					"@executable_path/Frameworks",
				);
				MARKETING_VERSION = 1.0;
				PRODUCT_BUNDLE_IDENTIFIER = madzom.Notes;
				PRODUCT_NAME = "$(TARGET_NAME)";
				SUPPORTED_PLATFORMS = "iphoneos iphonesimulator";
				SUPPORTS_MACCATALYST = NO;
				SUPPORTS_MAC_DESIGNED_FOR_IPHONE_IPAD = NO;
				SWIFT_EMIT_LOC_STRINGS = YES;
				SWIFT_VERSION = 5.0;
				TARGETED_DEVICE_FAMILY = "1,2";
			};
			name = Debug;
		};
		7814CAED29AB063200469C41 /* Release */ = {
			isa = XCBuildConfiguration;
			baseConfigurationReference = 41A9BB77D0B74CA91863A353 /* Pods-Notes.release.xcconfig */;
			buildSettings = {
				ASSETCATALOG_COMPILER_APPICON_NAME = AppIcon;
				ASSETCATALOG_COMPILER_GLOBAL_ACCENT_COLOR_NAME = AccentColor;
				CODE_SIGN_STYLE = Automatic;
				CURRENT_PROJECT_VERSION = 1;
				DEVELOPMENT_TEAM = W5HU6K6SBC;
				GENERATE_INFOPLIST_FILE = YES;
				INFOPLIST_FILE = Notes/Info.plist;
				INFOPLIST_KEY_UIApplicationSupportsIndirectInputEvents = YES;
				INFOPLIST_KEY_UILaunchStoryboardName = LaunchScreen;
				INFOPLIST_KEY_UISupportedInterfaceOrientations = UIInterfaceOrientationPortrait;
				IPHONEOS_DEPLOYMENT_TARGET = 13.0;
				LD_RUNPATH_SEARCH_PATHS = (
					"$(inherited)",
					"@executable_path/Frameworks",
				);
				MARKETING_VERSION = 1.0;
				PRODUCT_BUNDLE_IDENTIFIER = madzom.Notes;
				PRODUCT_NAME = "$(TARGET_NAME)";
				SUPPORTED_PLATFORMS = "iphoneos iphonesimulator";
				SUPPORTS_MACCATALYST = NO;
				SUPPORTS_MAC_DESIGNED_FOR_IPHONE_IPAD = NO;
				SWIFT_EMIT_LOC_STRINGS = YES;
				SWIFT_VERSION = 5.0;
				TARGETED_DEVICE_FAMILY = "1,2";
			};
			name = Release;
		};
/* End XCBuildConfiguration section */

/* Begin XCConfigurationList section */
		7814CAD229AB063100469C41 /* Build configuration list for PBXProject "Notes" */ = {
			isa = XCConfigurationList;
			buildConfigurations = (
				7814CAE929AB063200469C41 /* Debug */,
				7814CAEA29AB063200469C41 /* Release */,
			);
			defaultConfigurationIsVisible = 0;
			defaultConfigurationName = Release;
		};
		7814CAEB29AB063200469C41 /* Build configuration list for PBXNativeTarget "Notes" */ = {
			isa = XCConfigurationList;
			buildConfigurations = (
				7814CAEC29AB063200469C41 /* Debug */,
				7814CAED29AB063200469C41 /* Release */,
			);
			defaultConfigurationIsVisible = 0;
			defaultConfigurationName = Release;
		};
/* End XCConfigurationList section */
	};
	rootObject = 7814CACF29AB063100469C41 /* Project object */;
}
